
Microsoft Visual Studio Solution File, Format Version 12.00
# Visual Studio Version 16
VisualStudioVersion = 16.0.29920.165
MinimumVisualStudioVersion = 10.0.40219.1
Project("{8BC9CEB8-8B4A-11D0-8D11-00A0C91BC942}") = "lab1", "lab1.vcxproj", "{8C34C239-E053-4739-AEAE-8003C7FA02B5}"
EndProject
Project("{8BC9CEB8-8B4A-11D0-8D11-00A0C91BC942}") = "UnitTest1", "UnitTest1\UnitTest1.vcxproj", "{871E8CB8-D9FF-4AAA-9825-ED6CD8DBD658}"
EndProject
Global
	GlobalSection(SolutionConfigurationPlatforms) = preSolution
		Debug|x64 = Debug|x64
		Debug|x86 = Debug|x86
		Release|x64 = Release|x64
		Release|x86 = Release|x86
	EndGlobalSection
	GlobalSection(ProjectConfigurationPlatforms) = postSolution
		{8C34C239-E053-4739-AEAE-8003C7FA02B5}.Debug|x64.ActiveCfg = Debug|x64
		{8C34C239-E053-4739-AEAE-8003C7FA02B5}.Debug|x64.Build.0 = Debug|x64
		{8C34C239-E053-4739-AEAE-8003C7FA02B5}.Debug|x86.ActiveCfg = Debug|Win32
		{8C34C239-E053-4739-AEAE-8003C7FA02B5}.Debug|x86.Build.0 = Debug|Win32
		{8C34C239-E053-4739-AEAE-8003C7FA02B5}.Release|x64.ActiveCfg = Release|x64
		{8C34C239-E053-4739-AEAE-8003C7FA02B5}.Release|x64.Build.0 = Release|x64
		{8C34C239-E053-4739-AEAE-8003C7FA02B5}.Release|x86.ActiveCfg = Release|Win32
		{8C34C239-E053-4739-AEAE-8003C7FA02B5}.Release|x86.Build.0 = Release|Win32
		{871E8CB8-D9FF-4AAA-9825-ED6CD8DBD658}.Debug|x64.ActiveCfg = Debug|x64
		{871E8CB8-D9FF-4AAA-9825-ED6CD8DBD658}.Debug|x64.Build.0 = Debug|x64
		{871E8CB8-D9FF-4AAA-9825-ED6CD8DBD658}.Debug|x86.ActiveCfg = Debug|Win32
		{871E8CB8-D9FF-4AAA-9825-ED6CD8DBD658}.Debug|x86.Build.0 = Debug|Win32
		{871E8CB8-D9FF-4AAA-9825-ED6CD8DBD658}.Release|x64.ActiveCfg = Release|x64
		{871E8CB8-D9FF-4AAA-9825-ED6CD8DBD658}.Release|x64.Build.0 = Release|x64
		{871E8CB8-D9FF-4AAA-9825-ED6CD8DBD658}.Release|x86.ActiveCfg = Release|Win32
		{871E8CB8-D9FF-4AAA-9825-ED6CD8DBD658}.Release|x86.Build.0 = Release|Win32
	EndGlobalSection
	GlobalSection(SolutionProperties) = preSolution
		HideSolutionNode = FALSE
	EndGlobalSection
	GlobalSection(ExtensibilityGlobals) = postSolution
		SolutionGuid = {655B9B03-910D-42DA-9863-A5576C287E40}
	EndGlobalSection
EndGlobal
